
Microsoft Visual Studio Solution File, Format Version 12.00
# Visual Studio 15
VisualStudioVersion = 15.0.27004.2009
MinimumVisualStudioVersion = 10.0.40219.1
Project("{FAE04EC0-301F-11D3-BF4B-00C04F79EFBC}") = "BlogApp", "BlogApp\BlogApp.csproj", "{11CF2C6E-DE40-412D-8654-6C47B3E1167A}"
EndProject
Global
	GlobalSection(SolutionConfigurationPlatforms) = preSolution
		Debug|Any CPU = Debug|Any CPU
		Release|Any CPU = Release|Any CPU
	EndGlobalSection
	GlobalSection(ProjectConfigurationPlatforms) = postSolution
		{11CF2C6E-DE40-412D-8654-6C47B3E1167A}.Debug|Any CPU.ActiveCfg = Debug|Any CPU
		{11CF2C6E-DE40-412D-8654-6C47B3E1167A}.Debug|Any CPU.Build.0 = Debug|Any CPU
		{11CF2C6E-DE40-412D-8654-6C47B3E1167A}.Release|Any CPU.ActiveCfg = Release|Any CPU
		{11CF2C6E-DE40-412D-8654-6C47B3E1167A}.Release|Any CPU.Build.0 = Release|Any CPU
	EndGlobalSection
	GlobalSection(SolutionProperties) = preSolution
		HideSolutionNode = FALSE
	EndGlobalSection
	GlobalSection(ExtensibilityGlobals) = postSolution
		SolutionGuid = {CA3EC103-1DC5-474C-B354-76112744C9D6}
	EndGlobalSection
EndGlobal
